
Microsoft Visual Studio Solution File, Format Version 12.00
# Visual Studio Version 17
VisualStudioVersion = 17.8.34511.84
MinimumVisualStudioVersion = 10.0.40219.1
Project("{FAE04EC0-301F-11D3-BF4B-00C04F79EFBC}") = "RequestBalmin", "RequestBalmin\RequestBalmin.csproj", "{8F20D563-D399-467E-8D91-4A3C78D64FCC}"
EndProject
Global
	GlobalSection(SolutionConfigurationPlatforms) = preSolution
		Debug|Any CPU = Debug|Any CPU
		Release|Any CPU = Release|Any CPU
	EndGlobalSection
	GlobalSection(ProjectConfigurationPlatforms) = postSolution
		{8F20D563-D399-467E-8D91-4A3C78D64FCC}.Debug|Any CPU.ActiveCfg = Debug|Any CPU
		{8F20D563-D399-467E-8D91-4A3C78D64FCC}.Debug|Any CPU.Build.0 = Debug|Any CPU
		{8F20D563-D399-467E-8D91-4A3C78D64FCC}.Release|Any CPU.ActiveCfg = Release|Any CPU
		{8F20D563-D399-467E-8D91-4A3C78D64FCC}.Release|Any CPU.Build.0 = Release|Any CPU
	EndGlobalSection
	GlobalSection(SolutionProperties) = preSolution
		HideSolutionNode = FALSE
	EndGlobalSection
	GlobalSection(ExtensibilityGlobals) = postSolution
		SolutionGuid = {070FE9F4-AB7F-431E-B0AD-0DD4846846C1}
	EndGlobalSection
EndGlobal
